
Microsoft Visual Studio Solution File, Format Version 12.00
# Visual Studio Version 17
VisualStudioVersion = 17.3.32922.545
MinimumVisualStudioVersion = 10.0.40219.1
Project("{9A19103F-16F7-4668-BE54-9A1E7A4F7556}") = "EntryPoint", "EntryPoint\EntryPoint.csproj", "{C7D9CB2E-72D8-4A64-9507-3E792F470F82}"
EndProject
Project("{9A19103F-16F7-4668-BE54-9A1E7A4F7556}") = "WriterLibrary", "WriterLibrary\WriterLibrary.csproj", "{031BE16F-A81E-4007-8293-4B381B052AD4}"
EndProject
Project("{FAE04EC0-301F-11D3-BF4B-00C04F79EFBC}") = "explore", "explore\explore.csproj", "{BC32FA2F-611C-410B-877E-2E5C6DDBD408}"
EndProject
Global
	GlobalSection(SolutionConfigurationPlatforms) = preSolution
		Debug|Any CPU = Debug|Any CPU
		Release|Any CPU = Release|Any CPU
	EndGlobalSection
	GlobalSection(ProjectConfigurationPlatforms) = postSolution
		{C7D9CB2E-72D8-4A64-9507-3E792F470F82}.Debug|Any CPU.ActiveCfg = Debug|Any CPU
		{C7D9CB2E-72D8-4A64-9507-3E792F470F82}.Debug|Any CPU.Build.0 = Debug|Any CPU
		{C7D9CB2E-72D8-4A64-9507-3E792F470F82}.Release|Any CPU.ActiveCfg = Release|Any CPU
		{C7D9CB2E-72D8-4A64-9507-3E792F470F82}.Release|Any CPU.Build.0 = Release|Any CPU
		{031BE16F-A81E-4007-8293-4B381B052AD4}.Debug|Any CPU.ActiveCfg = Debug|Any CPU
		{031BE16F-A81E-4007-8293-4B381B052AD4}.Debug|Any CPU.Build.0 = Debug|Any CPU
		{031BE16F-A81E-4007-8293-4B381B052AD4}.Release|Any CPU.ActiveCfg = Release|Any CPU
		{031BE16F-A81E-4007-8293-4B381B052AD4}.Release|Any CPU.Build.0 = Release|Any CPU
		{BC32FA2F-611C-410B-877E-2E5C6DDBD408}.Debug|Any CPU.ActiveCfg = Debug|Any CPU
		{BC32FA2F-611C-410B-877E-2E5C6DDBD408}.Debug|Any CPU.Build.0 = Debug|Any CPU
		{BC32FA2F-611C-410B-877E-2E5C6DDBD408}.Release|Any CPU.ActiveCfg = Release|Any CPU
		{BC32FA2F-611C-410B-877E-2E5C6DDBD408}.Release|Any CPU.Build.0 = Release|Any CPU
	EndGlobalSection
	GlobalSection(SolutionProperties) = preSolution
		HideSolutionNode = FALSE
	EndGlobalSection
	GlobalSection(ExtensibilityGlobals) = postSolution
		SolutionGuid = {82BD368A-8FF0-4BB7-B6AB-EBC8C815854E}
	EndGlobalSection
EndGlobal
